
Microsoft Visual Studio Solution File, Format Version 12.00
# Visual Studio Version 17
VisualStudioVersion = 17.9.34616.47
MinimumVisualStudioVersion = 10.0.40219.1
Project("{FAE04EC0-301F-11D3-BF4B-00C04F79EFBC}") = "ShoppingServer", "ShoppingServer.csproj", "{FA0DED04-B7D4-4580-9C70-CEB854699F50}"
EndProject
Global
	GlobalSection(SolutionConfigurationPlatforms) = preSolution
		Debug|Any CPU = Debug|Any CPU
		Release|Any CPU = Release|Any CPU
	EndGlobalSection
	GlobalSection(ProjectConfigurationPlatforms) = postSolution
		{FA0DED04-B7D4-4580-9C70-CEB854699F50}.Debug|Any CPU.ActiveCfg = Debug|Any CPU
		{FA0DED04-B7D4-4580-9C70-CEB854699F50}.Debug|Any CPU.Build.0 = Debug|Any CPU
		{FA0DED04-B7D4-4580-9C70-CEB854699F50}.Release|Any CPU.ActiveCfg = Release|Any CPU
		{FA0DED04-B7D4-4580-9C70-CEB854699F50}.Release|Any CPU.Build.0 = Release|Any CPU
	EndGlobalSection
	GlobalSection(SolutionProperties) = preSolution
		HideSolutionNode = FALSE
	EndGlobalSection
	GlobalSection(ExtensibilityGlobals) = postSolution
		SolutionGuid = {E9F4B216-027F-49C6-80E3-78F3FA607003}
	EndGlobalSection
EndGlobal
